
Microsoft Visual Studio Solution File, Format Version 12.00
# Visual Studio Version 17
VisualStudioVersion = 17.2.32630.192
MinimumVisualStudioVersion = 10.0.40219.1
Project("{FAE04EC0-301F-11D3-BF4B-00C04F79EFBC}") = "Sender", "Sender\Sender.csproj", "{32172C64-827D-4D4B-8598-5B6E901911D8}"
EndProject
Project("{FAE04EC0-301F-11D3-BF4B-00C04F79EFBC}") = "Receiver", "Receiver\Receiver.csproj", "{C8FB1F89-A0AA-4D03-8468-304BAA17077F}"
EndProject
Project("{FAE04EC0-301F-11D3-BF4B-00C04F79EFBC}") = "Shared", "Shared\Shared.csproj", "{3B08D4F7-BF41-4B3A-8B7C-32D4A08BBF1E}"
EndProject
Global
	GlobalSection(SolutionConfigurationPlatforms) = preSolution
		Debug|Any CPU = Debug|Any CPU
		Release|Any CPU = Release|Any CPU
	EndGlobalSection
	GlobalSection(ProjectConfigurationPlatforms) = postSolution
		{32172C64-827D-4D4B-8598-5B6E901911D8}.Debug|Any CPU.ActiveCfg = Debug|Any CPU
		{32172C64-827D-4D4B-8598-5B6E901911D8}.Debug|Any CPU.Build.0 = Debug|Any CPU
		{32172C64-827D-4D4B-8598-5B6E901911D8}.Release|Any CPU.ActiveCfg = Release|Any CPU
		{32172C64-827D-4D4B-8598-5B6E901911D8}.Release|Any CPU.Build.0 = Release|Any CPU
		{C8FB1F89-A0AA-4D03-8468-304BAA17077F}.Debug|Any CPU.ActiveCfg = Debug|Any CPU
		{C8FB1F89-A0AA-4D03-8468-304BAA17077F}.Debug|Any CPU.Build.0 = Debug|Any CPU
		{C8FB1F89-A0AA-4D03-8468-304BAA17077F}.Release|Any CPU.ActiveCfg = Release|Any CPU
		{C8FB1F89-A0AA-4D03-8468-304BAA17077F}.Release|Any CPU.Build.0 = Release|Any CPU
		{3B08D4F7-BF41-4B3A-8B7C-32D4A08BBF1E}.Debug|Any CPU.ActiveCfg = Debug|Any CPU
		{3B08D4F7-BF41-4B3A-8B7C-32D4A08BBF1E}.Debug|Any CPU.Build.0 = Debug|Any CPU
		{3B08D4F7-BF41-4B3A-8B7C-32D4A08BBF1E}.Release|Any CPU.ActiveCfg = Release|Any CPU
		{3B08D4F7-BF41-4B3A-8B7C-32D4A08BBF1E}.Release|Any CPU.Build.0 = Release|Any CPU
	EndGlobalSection
	GlobalSection(SolutionProperties) = preSolution
		HideSolutionNode = FALSE
	EndGlobalSection
	GlobalSection(ExtensibilityGlobals) = postSolution
		SolutionGuid = {FA446FA0-CB7C-4F52-982D-BD9C7A682D0C}
	EndGlobalSection
EndGlobal
